dependencies:
- name: piui
  repository: https://owain-je.github.io/charts
  version: 0.1.2
- name: piapp
  repository: https://owain-je.github.io/charts
  version: 0.1.2
- name: mysql
  repository: https://owain-je.github.io/charts
  version: 0.2.6
digest: sha256:ec478bb298bc781b44dd2b9e33ce31ddd2f08581be81628ee1c8bb5a04e162de
generated: 2017-10-30T17:24:54.7903865Z
