dependencies:
- name: piui
  repository: https://owain-je.github.io/charts
  version: 0.1.1
- name: piapp
  repository: https://owain-je.github.io/charts
  version: 0.1.1
- name: mysql
  repository: https://owain-je.github.io/charts
  version: 0.2.6
digest: sha256:b009fe89816dbc4606032eb1556f31d65e2bf2ba4f4cfc48d4a64831faeee37c
generated: 2017-10-30T13:55:27.2551457Z
